
Microsoft Visual Studio Solution File, Format Version 12.00
# Visual Studio Version 17
VisualStudioVersion = 17.11.35327.3
MinimumVisualStudioVersion = 10.0.40219.1
Project("{FAE04EC0-301F-11D3-BF4B-00C04F79EFBC}") = "Pronóstico SOAP", "Pronóstico SOAP\Pronóstico SOAP.csproj", "{1DCAAA9A-175D-4145-80F2-7A68CEA5DC46}"
EndProject
Global
	GlobalSection(SolutionConfigurationPlatforms) = preSolution
		Debug|Any CPU = Debug|Any CPU
		Release|Any CPU = Release|Any CPU
	EndGlobalSection
	GlobalSection(ProjectConfigurationPlatforms) = postSolution
		{1DCAAA9A-175D-4145-80F2-7A68CEA5DC46}.Debug|Any CPU.ActiveCfg = Debug|Any CPU
		{1DCAAA9A-175D-4145-80F2-7A68CEA5DC46}.Debug|Any CPU.Build.0 = Debug|Any CPU
		{1DCAAA9A-175D-4145-80F2-7A68CEA5DC46}.Release|Any CPU.ActiveCfg = Release|Any CPU
		{1DCAAA9A-175D-4145-80F2-7A68CEA5DC46}.Release|Any CPU.Build.0 = Release|Any CPU
	EndGlobalSection
	GlobalSection(SolutionProperties) = preSolution
		HideSolutionNode = FALSE
	EndGlobalSection
	GlobalSection(ExtensibilityGlobals) = postSolution
		SolutionGuid = {66A7AE39-0145-4E9A-A69D-C288C3743F2C}
	EndGlobalSection
EndGlobal
